
Microsoft Visual Studio Solution File, Format Version 12.00
# Visual Studio Version 17
VisualStudioVersion = 17.1.32210.238
MinimumVisualStudioVersion = 10.0.40219.1
Project("{9A19103F-16F7-4668-BE54-9A1E7A4F7556}") = "lab_01", "lab_01\lab_01.csproj", "{5895DD2B-3746-4487-A0F0-45EA9FEFE7CE}"
EndProject
Project("{9A19103F-16F7-4668-BE54-9A1E7A4F7556}") = "Test", "Test\Test.csproj", "{D8873C2D-B07C-4D43-B15C-7AA4AB6C307B}"
EndProject
Project("{9A19103F-16F7-4668-BE54-9A1E7A4F7556}") = "lab_02", "lab_02\lab_02.csproj", "{FF877EBF-B830-4E8F-A5B6-6E80CF1C061A}"
EndProject
Project("{FAE04EC0-301F-11D3-BF4B-00C04F79EFBC}") = "lab_2_zadanie", "lab_2_zadanie\lab_2_zadanie.csproj", "{A1C88756-179B-4C98-BF1A-91CAC34C98BF}"
EndProject
Global
	GlobalSection(SolutionConfigurationPlatforms) = preSolution
		Debug|Any CPU = Debug|Any CPU
		Release|Any CPU = Release|Any CPU
	EndGlobalSection
	GlobalSection(ProjectConfigurationPlatforms) = postSolution
		{5895DD2B-3746-4487-A0F0-45EA9FEFE7CE}.Debug|Any CPU.ActiveCfg = Debug|Any CPU
		{5895DD2B-3746-4487-A0F0-45EA9FEFE7CE}.Debug|Any CPU.Build.0 = Debug|Any CPU
		{5895DD2B-3746-4487-A0F0-45EA9FEFE7CE}.Release|Any CPU.ActiveCfg = Release|Any CPU
		{5895DD2B-3746-4487-A0F0-45EA9FEFE7CE}.Release|Any CPU.Build.0 = Release|Any CPU
		{D8873C2D-B07C-4D43-B15C-7AA4AB6C307B}.Debug|Any CPU.ActiveCfg = Debug|Any CPU
		{D8873C2D-B07C-4D43-B15C-7AA4AB6C307B}.Debug|Any CPU.Build.0 = Debug|Any CPU
		{D8873C2D-B07C-4D43-B15C-7AA4AB6C307B}.Release|Any CPU.ActiveCfg = Release|Any CPU
		{D8873C2D-B07C-4D43-B15C-7AA4AB6C307B}.Release|Any CPU.Build.0 = Release|Any CPU
		{FF877EBF-B830-4E8F-A5B6-6E80CF1C061A}.Debug|Any CPU.ActiveCfg = Debug|Any CPU
		{FF877EBF-B830-4E8F-A5B6-6E80CF1C061A}.Debug|Any CPU.Build.0 = Debug|Any CPU
		{FF877EBF-B830-4E8F-A5B6-6E80CF1C061A}.Release|Any CPU.ActiveCfg = Release|Any CPU
		{FF877EBF-B830-4E8F-A5B6-6E80CF1C061A}.Release|Any CPU.Build.0 = Release|Any CPU
		{A1C88756-179B-4C98-BF1A-91CAC34C98BF}.Debug|Any CPU.ActiveCfg = Debug|Any CPU
		{A1C88756-179B-4C98-BF1A-91CAC34C98BF}.Debug|Any CPU.Build.0 = Debug|Any CPU
		{A1C88756-179B-4C98-BF1A-91CAC34C98BF}.Release|Any CPU.ActiveCfg = Release|Any CPU
		{A1C88756-179B-4C98-BF1A-91CAC34C98BF}.Release|Any CPU.Build.0 = Release|Any CPU
	EndGlobalSection
	GlobalSection(SolutionProperties) = preSolution
		HideSolutionNode = FALSE
	EndGlobalSection
	GlobalSection(ExtensibilityGlobals) = postSolution
		SolutionGuid = {DEFDA3E7-3956-471D-BBFF-72E271E728D5}
	EndGlobalSection
EndGlobal
