
Microsoft Visual Studio Solution File, Format Version 12.00
# Visual Studio Version 16
VisualStudioVersion = 16.0.31727.386
MinimumVisualStudioVersion = 10.0.40219.1
Project("{9A19103F-16F7-4668-BE54-9A1E7A4F7556}") = "lab_01", "lab_01\lab_01.csproj", "{5895DD2B-3746-4487-A0F0-45EA9FEFE7CE}"
EndProject
Project("{9A19103F-16F7-4668-BE54-9A1E7A4F7556}") = "Test", "Test\Test.csproj", "{D8873C2D-B07C-4D43-B15C-7AA4AB6C307B}"
EndProject
Project("{9A19103F-16F7-4668-BE54-9A1E7A4F7556}") = "lab_02", "lab_02\lab_02.csproj", "{FF877EBF-B830-4E8F-A5B6-6E80CF1C061A}"
EndProject
Project("{9A19103F-16F7-4668-BE54-9A1E7A4F7556}") = "lab_02_zadanie", "lab_2_zadanie\lab_02_zadanie.csproj", "{A1C88756-179B-4C98-BF1A-91CAC34C98BF}"
EndProject
Project("{9A19103F-16F7-4668-BE54-9A1E7A4F7556}") = "lab_03", "lab_03\lab_03.csproj", "{DDE80087-8F32-4467-9DA1-E4671E1E6C0A}"
EndProject
Project("{9A19103F-16F7-4668-BE54-9A1E7A4F7556}") = "lab_04", "lab_04\lab_04.csproj", "{9C9A0286-D714-4E8D-8EE8-CB2BD940693F}"
EndProject
Project("{9A19103F-16F7-4668-BE54-9A1E7A4F7556}") = "lab_5 zad", "lab-5 zad\lab_5 zad.csproj", "{82AF0B6B-842F-4409-90A6-FDA5650843EE}"
EndProject
Project("{9A19103F-16F7-4668-BE54-9A1E7A4F7556}") = "lab_6", "lab_6\lab_6.csproj", "{A8D6C66C-AE99-4AE2-B217-6FF6F6D0BFF1}"
EndProject
Project("{FAE04EC0-301F-11D3-BF4B-00C04F79EFBC}") = "lab_07", "ConsoleApp1\lab_07.csproj", "{5ED83563-5675-4832-A9AD-9C7582592E86}"
EndProject
Global
	GlobalSection(SolutionConfigurationPlatforms) = preSolution
		Debug|Any CPU = Debug|Any CPU
		Release|Any CPU = Release|Any CPU
	EndGlobalSection
	GlobalSection(ProjectConfigurationPlatforms) = postSolution
		{5895DD2B-3746-4487-A0F0-45EA9FEFE7CE}.Debug|Any CPU.ActiveCfg = Debug|Any CPU
		{5895DD2B-3746-4487-A0F0-45EA9FEFE7CE}.Debug|Any CPU.Build.0 = Debug|Any CPU
		{5895DD2B-3746-4487-A0F0-45EA9FEFE7CE}.Release|Any CPU.ActiveCfg = Release|Any CPU
		{5895DD2B-3746-4487-A0F0-45EA9FEFE7CE}.Release|Any CPU.Build.0 = Release|Any CPU
		{D8873C2D-B07C-4D43-B15C-7AA4AB6C307B}.Debug|Any CPU.ActiveCfg = Debug|Any CPU
		{D8873C2D-B07C-4D43-B15C-7AA4AB6C307B}.Debug|Any CPU.Build.0 = Debug|Any CPU
		{D8873C2D-B07C-4D43-B15C-7AA4AB6C307B}.Release|Any CPU.ActiveCfg = Release|Any CPU
		{D8873C2D-B07C-4D43-B15C-7AA4AB6C307B}.Release|Any CPU.Build.0 = Release|Any CPU
		{FF877EBF-B830-4E8F-A5B6-6E80CF1C061A}.Debug|Any CPU.ActiveCfg = Debug|Any CPU
		{FF877EBF-B830-4E8F-A5B6-6E80CF1C061A}.Debug|Any CPU.Build.0 = Debug|Any CPU
		{FF877EBF-B830-4E8F-A5B6-6E80CF1C061A}.Release|Any CPU.ActiveCfg = Release|Any CPU
		{FF877EBF-B830-4E8F-A5B6-6E80CF1C061A}.Release|Any CPU.Build.0 = Release|Any CPU
		{A1C88756-179B-4C98-BF1A-91CAC34C98BF}.Debug|Any CPU.ActiveCfg = Debug|Any CPU
		{A1C88756-179B-4C98-BF1A-91CAC34C98BF}.Debug|Any CPU.Build.0 = Debug|Any CPU
		{A1C88756-179B-4C98-BF1A-91CAC34C98BF}.Release|Any CPU.ActiveCfg = Release|Any CPU
		{A1C88756-179B-4C98-BF1A-91CAC34C98BF}.Release|Any CPU.Build.0 = Release|Any CPU
		{DDE80087-8F32-4467-9DA1-E4671E1E6C0A}.Debug|Any CPU.ActiveCfg = Debug|Any CPU
		{DDE80087-8F32-4467-9DA1-E4671E1E6C0A}.Debug|Any CPU.Build.0 = Debug|Any CPU
		{DDE80087-8F32-4467-9DA1-E4671E1E6C0A}.Release|Any CPU.ActiveCfg = Release|Any CPU
		{DDE80087-8F32-4467-9DA1-E4671E1E6C0A}.Release|Any CPU.Build.0 = Release|Any CPU
		{9C9A0286-D714-4E8D-8EE8-CB2BD940693F}.Debug|Any CPU.ActiveCfg = Debug|Any CPU
		{9C9A0286-D714-4E8D-8EE8-CB2BD940693F}.Debug|Any CPU.Build.0 = Debug|Any CPU
		{9C9A0286-D714-4E8D-8EE8-CB2BD940693F}.Release|Any CPU.ActiveCfg = Release|Any CPU
		{9C9A0286-D714-4E8D-8EE8-CB2BD940693F}.Release|Any CPU.Build.0 = Release|Any CPU
		{82AF0B6B-842F-4409-90A6-FDA5650843EE}.Debug|Any CPU.ActiveCfg = Debug|Any CPU
		{82AF0B6B-842F-4409-90A6-FDA5650843EE}.Debug|Any CPU.Build.0 = Debug|Any CPU
		{82AF0B6B-842F-4409-90A6-FDA5650843EE}.Release|Any CPU.ActiveCfg = Release|Any CPU
		{82AF0B6B-842F-4409-90A6-FDA5650843EE}.Release|Any CPU.Build.0 = Release|Any CPU
		{A8D6C66C-AE99-4AE2-B217-6FF6F6D0BFF1}.Debug|Any CPU.ActiveCfg = Debug|Any CPU
		{A8D6C66C-AE99-4AE2-B217-6FF6F6D0BFF1}.Debug|Any CPU.Build.0 = Debug|Any CPU
		{A8D6C66C-AE99-4AE2-B217-6FF6F6D0BFF1}.Release|Any CPU.ActiveCfg = Release|Any CPU
		{A8D6C66C-AE99-4AE2-B217-6FF6F6D0BFF1}.Release|Any CPU.Build.0 = Release|Any CPU
		{5ED83563-5675-4832-A9AD-9C7582592E86}.Debug|Any CPU.ActiveCfg = Debug|Any CPU
		{5ED83563-5675-4832-A9AD-9C7582592E86}.Debug|Any CPU.Build.0 = Debug|Any CPU
		{5ED83563-5675-4832-A9AD-9C7582592E86}.Release|Any CPU.ActiveCfg = Release|Any CPU
		{5ED83563-5675-4832-A9AD-9C7582592E86}.Release|Any CPU.Build.0 = Release|Any CPU
	EndGlobalSection
	GlobalSection(SolutionProperties) = preSolution
		HideSolutionNode = FALSE
	EndGlobalSection
	GlobalSection(ExtensibilityGlobals) = postSolution
		SolutionGuid = {DEFDA3E7-3956-471D-BBFF-72E271E728D5}
	EndGlobalSection
EndGlobal
